
Microsoft Visual Studio Solution File, Format Version 12.00
# Visual Studio 15
VisualStudioVersion = 15.0.26730.16
MinimumVisualStudioVersion = 10.0.40219.1
Project("{FAE04EC0-301F-11D3-BF4B-00C04F79EFBC}") = "LaundryRoom", "LaundryRoom\LaundryRoom.csproj", "{CB1C8396-61C7-4D59-A72F-6BD68867CA8E}"
EndProject
Project("{FAE04EC0-301F-11D3-BF4B-00C04F79EFBC}") = "LaundryRoomTests", "UnitTestProject1\LaundryRoomTests.csproj", "{9FF30D0B-07D4-4BA7-A19E-877D63824171}"
EndProject
Global
	GlobalSection(SolutionConfigurationPlatforms) = preSolution
		Debug|Any CPU = Debug|Any CPU
		Release|Any CPU = Release|Any CPU
	EndGlobalSection
	GlobalSection(ProjectConfigurationPlatforms) = postSolution
		{CB1C8396-61C7-4D59-A72F-6BD68867CA8E}.Debug|Any CPU.ActiveCfg = Debug|Any CPU
		{CB1C8396-61C7-4D59-A72F-6BD68867CA8E}.Debug|Any CPU.Build.0 = Debug|Any CPU
		{CB1C8396-61C7-4D59-A72F-6BD68867CA8E}.Release|Any CPU.ActiveCfg = Release|Any CPU
		{CB1C8396-61C7-4D59-A72F-6BD68867CA8E}.Release|Any CPU.Build.0 = Release|Any CPU
		{9FF30D0B-07D4-4BA7-A19E-877D63824171}.Debug|Any CPU.ActiveCfg = Debug|Any CPU
		{9FF30D0B-07D4-4BA7-A19E-877D63824171}.Debug|Any CPU.Build.0 = Debug|Any CPU
		{9FF30D0B-07D4-4BA7-A19E-877D63824171}.Release|Any CPU.ActiveCfg = Release|Any CPU
		{9FF30D0B-07D4-4BA7-A19E-877D63824171}.Release|Any CPU.Build.0 = Release|Any CPU
	EndGlobalSection
	GlobalSection(SolutionProperties) = preSolution
		HideSolutionNode = FALSE
	EndGlobalSection
	GlobalSection(ExtensibilityGlobals) = postSolution
		SolutionGuid = {0ECC31D7-3187-4EF2-B181-0B352FB66187}
	EndGlobalSection
EndGlobal
